
Microsoft Visual Studio Solution File, Format Version 12.00
Project("{2150E333-8FDC-42A3-9474-1A3956D46DE8}") = "Core", "Core", "{1705E740-9CD3-4591-A9A5-3AED4937993C}"
EndProject
Project("{FAE04EC0-301F-11D3-BF4B-00C04F79EFBC}") = "Chat.Domain", "Chat.Domain\Chat.Domain.csproj", "{2229C9FF-4E60-4745-B54C-E5BF8C043648}"
EndProject
Project("{FAE04EC0-301F-11D3-BF4B-00C04F79EFBC}") = "Chat.Application", "Chat.Application\Chat.Application.csproj", "{970B6A98-C125-46AE-8E49-FA59B42087B7}"
EndProject
Project("{2150E333-8FDC-42A3-9474-1A3956D46DE8}") = "Infrastructure", "Infrastructure", "{825592D6-CD1A-40F1-98D0-8653502512CA}"
EndProject
Project("{FAE04EC0-301F-11D3-BF4B-00C04F79EFBC}") = "Chat.Persistence", "Chat.Persistence\Chat.Persistence.csproj", "{5E753825-B404-402D-B355-FDD3B427D40C}"
EndProject
Project("{2150E333-8FDC-42A3-9474-1A3956D46DE8}") = "Presentation", "Presentation", "{3EC32C96-CB6F-43AE-BD9F-765643B99148}"
EndProject
Project("{FAE04EC0-301F-11D3-BF4B-00C04F79EFBC}") = "Chat.API", "Chat.API\Chat.API.csproj", "{E3A88014-319D-4C35-9246-E13F22FAB818}"
EndProject
Project("{FAE04EC0-301F-11D3-BF4B-00C04F79EFBC}") = "Chat.Tests", "Chat.Tests\Chat.Tests.csproj", "{C1A57641-9630-4FCC-8CCE-209DAB163A15}"
EndProject
Global
	GlobalSection(SolutionConfigurationPlatforms) = preSolution
		Debug|Any CPU = Debug|Any CPU
		Release|Any CPU = Release|Any CPU
	EndGlobalSection
	GlobalSection(NestedProjects) = preSolution
		{2229C9FF-4E60-4745-B54C-E5BF8C043648} = {1705E740-9CD3-4591-A9A5-3AED4937993C}
		{970B6A98-C125-46AE-8E49-FA59B42087B7} = {1705E740-9CD3-4591-A9A5-3AED4937993C}
		{5E753825-B404-402D-B355-FDD3B427D40C} = {825592D6-CD1A-40F1-98D0-8653502512CA}
		{E3A88014-319D-4C35-9246-E13F22FAB818} = {3EC32C96-CB6F-43AE-BD9F-765643B99148}
		{C1A57641-9630-4FCC-8CCE-209DAB163A15} = {3EC32C96-CB6F-43AE-BD9F-765643B99148}
	EndGlobalSection
	GlobalSection(ProjectConfigurationPlatforms) = postSolution
		{2229C9FF-4E60-4745-B54C-E5BF8C043648}.Debug|Any CPU.ActiveCfg = Debug|Any CPU
		{2229C9FF-4E60-4745-B54C-E5BF8C043648}.Debug|Any CPU.Build.0 = Debug|Any CPU
		{2229C9FF-4E60-4745-B54C-E5BF8C043648}.Release|Any CPU.ActiveCfg = Release|Any CPU
		{2229C9FF-4E60-4745-B54C-E5BF8C043648}.Release|Any CPU.Build.0 = Release|Any CPU
		{970B6A98-C125-46AE-8E49-FA59B42087B7}.Debug|Any CPU.ActiveCfg = Debug|Any CPU
		{970B6A98-C125-46AE-8E49-FA59B42087B7}.Debug|Any CPU.Build.0 = Debug|Any CPU
		{970B6A98-C125-46AE-8E49-FA59B42087B7}.Release|Any CPU.ActiveCfg = Release|Any CPU
		{970B6A98-C125-46AE-8E49-FA59B42087B7}.Release|Any CPU.Build.0 = Release|Any CPU
		{5E753825-B404-402D-B355-FDD3B427D40C}.Debug|Any CPU.ActiveCfg = Debug|Any CPU
		{5E753825-B404-402D-B355-FDD3B427D40C}.Debug|Any CPU.Build.0 = Debug|Any CPU
		{5E753825-B404-402D-B355-FDD3B427D40C}.Release|Any CPU.ActiveCfg = Release|Any CPU
		{5E753825-B404-402D-B355-FDD3B427D40C}.Release|Any CPU.Build.0 = Release|Any CPU
		{E3A88014-319D-4C35-9246-E13F22FAB818}.Debug|Any CPU.ActiveCfg = Debug|Any CPU
		{E3A88014-319D-4C35-9246-E13F22FAB818}.Debug|Any CPU.Build.0 = Debug|Any CPU
		{E3A88014-319D-4C35-9246-E13F22FAB818}.Release|Any CPU.ActiveCfg = Release|Any CPU
		{E3A88014-319D-4C35-9246-E13F22FAB818}.Release|Any CPU.Build.0 = Release|Any CPU
		{C1A57641-9630-4FCC-8CCE-209DAB163A15}.Debug|Any CPU.ActiveCfg = Debug|Any CPU
		{C1A57641-9630-4FCC-8CCE-209DAB163A15}.Debug|Any CPU.Build.0 = Debug|Any CPU
		{C1A57641-9630-4FCC-8CCE-209DAB163A15}.Release|Any CPU.ActiveCfg = Release|Any CPU
		{C1A57641-9630-4FCC-8CCE-209DAB163A15}.Release|Any CPU.Build.0 = Release|Any CPU
	EndGlobalSection
EndGlobal
